
Microsoft Visual Studio Solution File, Format Version 12.00
# Visual Studio Version 16
VisualStudioVersion = 16.0.31605.320
MinimumVisualStudioVersion = 10.0.40219.1
Project("{FAE04EC0-301F-11D3-BF4B-00C04F79EFBC}") = "UoGpayroll", "UoGpayroll\UoGpayroll.csproj", "{FB767C22-621E-4145-9632-EAB08C804332}"
EndProject
Global
	GlobalSection(SolutionConfigurationPlatforms) = preSolution
		Debug|Any CPU = Debug|Any CPU
		Release|Any CPU = Release|Any CPU
	EndGlobalSection
	GlobalSection(ProjectConfigurationPlatforms) = postSolution
		{FB767C22-621E-4145-9632-EAB08C804332}.Debug|Any CPU.ActiveCfg = Debug|Any CPU
		{FB767C22-621E-4145-9632-EAB08C804332}.Debug|Any CPU.Build.0 = Debug|Any CPU
		{FB767C22-621E-4145-9632-EAB08C804332}.Release|Any CPU.ActiveCfg = Release|Any CPU
		{FB767C22-621E-4145-9632-EAB08C804332}.Release|Any CPU.Build.0 = Release|Any CPU
	EndGlobalSection
	GlobalSection(SolutionProperties) = preSolution
		HideSolutionNode = FALSE
	EndGlobalSection
	GlobalSection(ExtensibilityGlobals) = postSolution
		SolutionGuid = {4B847A66-52BA-4A2A-ACA8-F5D9B939FBA7}
	EndGlobalSection
EndGlobal
